
Microsoft Visual Studio Solution File, Format Version 12.00
# Visual Studio Version 16
VisualStudioVersion = 16.0.30907.101
MinimumVisualStudioVersion = 10.0.40219.1
Project("{FAE04EC0-301F-11D3-BF4B-00C04F79EFBC}") = "AuthenticationBassic", "AuthenticationBassic\AuthenticationBassic.csproj", "{0A0AA815-755A-4A44-87D7-46D180A6D71C}"
EndProject
Global
	GlobalSection(SolutionConfigurationPlatforms) = preSolution
		Debug|Any CPU = Debug|Any CPU
		Release|Any CPU = Release|Any CPU
	EndGlobalSection
	GlobalSection(ProjectConfigurationPlatforms) = postSolution
		{0A0AA815-755A-4A44-87D7-46D180A6D71C}.Debug|Any CPU.ActiveCfg = Debug|Any CPU
		{0A0AA815-755A-4A44-87D7-46D180A6D71C}.Debug|Any CPU.Build.0 = Debug|Any CPU
		{0A0AA815-755A-4A44-87D7-46D180A6D71C}.Release|Any CPU.ActiveCfg = Release|Any CPU
		{0A0AA815-755A-4A44-87D7-46D180A6D71C}.Release|Any CPU.Build.0 = Release|Any CPU
	EndGlobalSection
	GlobalSection(SolutionProperties) = preSolution
		HideSolutionNode = FALSE
	EndGlobalSection
	GlobalSection(ExtensibilityGlobals) = postSolution
		SolutionGuid = {6560C29E-2462-47E1-BC95-D4B8571E5285}
	EndGlobalSection
EndGlobal
